// !$*UTF8*$!
{
	archiveVersion = 1;
	classes = {
	};
	objectVersion = 46;
	objects = {

/* Begin PBXBuildFile section */
		00D155A21B7A1E4600BF2836 /* main.m in Sources */ = {isa = PBXBuildFile; fileRef = 00D155A11B7A1E4600BF2836 /* main.m */; };
		00D155A51B7A1E4600BF2836 /* AppDelegate.m in Sources */ = {isa = PBXBuildFile; fileRef = 00D155A41B7A1E4600BF2836 /* AppDelegate.m */; };
		00D155A81B7A1E4600BF2836 /* MasterViewController.m in Sources */ = {isa = PBXBuildFile; fileRef = 00D155A71B7A1E4600BF2836 /* MasterViewController.m */; };
		00D155AE1B7A1E4600BF2836 /* Main.storyboard in Resources */ = {isa = PBXBuildFile; fileRef = 00D155AC1B7A1E4600BF2836 /* Main.storyboard */; };
		00D155B01B7A1E4600BF2836 /* Images.xcassets in Resources */ = {isa = PBXBuildFile; fileRef = 00D155AF1B7A1E4600BF2836 /* Images.xcassets */; };
		00D155B31B7A1E4600BF2836 /* LaunchScreen.xib in Resources */ = {isa = PBXBuildFile; fileRef = 00D155B11B7A1E4600BF2836 /* LaunchScreen.xib */; };
		00D155BF1B7A1E4600BF2836 /* fortestforyalantisTests.m in Sources */ = {isa = PBXBuildFile; fileRef = 00D155BE1B7A1E4600BF2836 /* fortestforyalantisTests.m */; };
		00D155CA1B7A1FE300BF2836 /* FlowersTableViewCell.m in Sources */ = {isa = PBXBuildFile; fileRef = 00D155C91B7A1FE300BF2836 /* FlowersTableViewCell.m */; };
		00D155CD1B7A211600BF2836 /* Flowers.m in Sources */ = {isa = PBXBuildFile; fileRef = 00D155CC1B7A211600BF2836 /* Flowers.m */; };
		00D155D01B7A212F00BF2836 /* FlowersDataController.m in Sources */ = {isa = PBXBuildFile; fileRef = 00D155CF1B7A212F00BF2836 /* FlowersDataController.m */; };
		00DDE1CC1B8779E700E4A58A /* test1.jpg in Resources */ = {isa = PBXBuildFile; fileRef = 00DDE1C21B8779E700E4A58A /* test1.jpg */; };
		00DDE1CD1B8779E700E4A58A /* test2.jpg in Resources */ = {isa = PBXBuildFile; fileRef = 00DDE1C31B8779E700E4A58A /* test2.jpg */; };
		00DDE1CE1B8779E700E4A58A /* test3.jpg in Resources */ = {isa = PBXBuildFile; fileRef = 00DDE1C41B8779E700E4A58A /* test3.jpg */; };
		00DDE1CF1B8779E700E4A58A /* test4.jpg in Resources */ = {isa = PBXBuildFile; fileRef = 00DDE1C51B8779E700E4A58A /* test4.jpg */; };
		00DDE1D01B8779E700E4A58A /* test5.jpg in Resources */ = {isa = PBXBuildFile; fileRef = 00DDE1C61B8779E700E4A58A /* test5.jpg */; };
		00DDE1D11B8779E700E4A58A /* test6.jpg in Resources */ = {isa = PBXBuildFile; fileRef = 00DDE1C71B8779E700E4A58A /* test6.jpg */; };
		00DDE1D21B8779E700E4A58A /* test7.jpg in Resources */ = {isa = PBXBuildFile; fileRef = 00DDE1C81B8779E700E4A58A /* test7.jpg */; };
		00DDE1D31B8779E700E4A58A /* test8.jpg in Resources */ = {isa = PBXBuildFile; fileRef = 00DDE1C91B8779E700E4A58A /* test8.jpg */; };
		00DDE1D41B8779E700E4A58A /* test9.jpg in Resources */ = {isa = PBXBuildFile; fileRef = 00DDE1CA1B8779E700E4A58A /* test9.jpg */; };
		00DDE1D51B8779E700E4A58A /* test10.jpg in Resources */ = {isa = PBXBuildFile; fileRef = 00DDE1CB1B8779E700E4A58A /* test10.jpg */; };
/* End PBXBuildFile section */

/* Begin PBXContainerItemProxy section */
		00D155B91B7A1E4600BF2836 /* PBXContainerItemProxy */ = {
			isa = PBXContainerItemProxy;
			containerPortal = 00D155941B7A1E4600BF2836 /* Project object */;
			proxyType = 1;
			remoteGlobalIDString = 00D1559B1B7A1E4600BF2836;
			remoteInfo = fortestforyalantis;
		};
/* End PBXContainerItemProxy section */

/* Begin PBXFileReference section */
		00D1559C1B7A1E4600BF2836 /* fortestforyalantis.app */ = {isa = PBXFileReference; explicitFileType = wrapper.application; includeInIndex = 0; path = fortestforyalantis.app; sourceTree = BUILT_PRODUCTS_DIR; };
		00D155A01B7A1E4600BF2836 /* Info.plist */ = {isa = PBXFileReference; lastKnownFileType = text.plist.xml; path = Info.plist; sourceTree = "<group>"; };
		00D155A11B7A1E4600BF2836 /* main.m */ = {isa = PBXFileReference; lastKnownFileType = sourcecode.c.objc; path = main.m; sourceTree = "<group>"; };
		00D155A31B7A1E4600BF2836 /* AppDelegate.h */ = {isa = PBXFileReference; lastKnownFileType = sourcecode.c.h; path = AppDelegate.h; sourceTree = "<group>"; };
		00D155A41B7A1E4600BF2836 /* AppDelegate.m */ = {isa = PBXFileReference; lastKnownFileType = sourcecode.c.objc; path = AppDelegate.m; sourceTree = "<group>"; };
		00D155A61B7A1E4600BF2836 /* MasterViewController.h */ = {isa = PBXFileReference; lastKnownFileType = sourcecode.c.h; path = MasterViewController.h; sourceTree = "<group>"; };
		00D155A71B7A1E4600BF2836 /* MasterViewController.m */ = {isa = PBXFileReference; lastKnownFileType = sourcecode.c.objc; path = MasterViewController.m; sourceTree = "<group>"; };
		00D155AD1B7A1E4600BF2836 /* Base */ = {isa = PBXFileReference; lastKnownFileType = file.storyboard; name = Base; path = Base.lproj/Main.storyboard; sourceTree = "<group>"; };
		00D155AF1B7A1E4600BF2836 /* Images.xcassets */ = {isa = PBXFileReference; lastKnownFileType = folder.assetcatalog; path = Images.xcassets; sourceTree = "<group>"; };
		00D155B21B7A1E4600BF2836 /* Base */ = {isa = PBXFileReference; lastKnownFileType = file.xib; name = Base; path = Base.lproj/LaunchScreen.xib; sourceTree = "<group>"; };
		00D155B81B7A1E4600BF2836 /* fortestforyalantisTests.xctest */ = {isa = PBXFileReference; explicitFileType = wrapper.cfbundle; includeInIndex = 0; path = fortestforyalantisTests.xctest; sourceTree = BUILT_PRODUCTS_DIR; };
		00D155BD1B7A1E4600BF2836 /* Info.plist */ = {isa = PBXFileReference; lastKnownFileType = text.plist.xml; path = Info.plist; sourceTree = "<group>"; };
		00D155BE1B7A1E4600BF2836 /* fortestforyalantisTests.m */ = {isa = PBXFileReference; lastKnownFileType = sourcecode.c.objc; path = fortestforyalantisTests.m; sourceTree = "<group>"; };
		00D155C81B7A1FE300BF2836 /* FlowersTableViewCell.h */ = {isa = PBXFileReference; fileEncoding = 4; lastKnownFileType = sourcecode.c.h; path = FlowersTableViewCell.h; sourceTree = "<group>"; };
		00D155C91B7A1FE300BF2836 /* FlowersTableViewCell.m */ = {isa = PBXFileReference; fileEncoding = 4; lastKnownFileType = sourcecode.c.objc; path = FlowersTableViewCell.m; sourceTree = "<group>"; };
		00D155CB1B7A211600BF2836 /* Flowers.h */ = {isa = PBXFileReference; fileEncoding = 4; lastKnownFileType = sourcecode.c.h; path = Flowers.h; sourceTree = "<group>"; };
		00D155CC1B7A211600BF2836 /* Flowers.m */ = {isa = PBXFileReference; fileEncoding = 4; lastKnownFileType = sourcecode.c.objc; path = Flowers.m; sourceTree = "<group>"; };
		00D155CE1B7A212F00BF2836 /* FlowersDataController.h */ = {isa = PBXFileReference; fileEncoding = 4; lastKnownFileType = sourcecode.c.h; path = FlowersDataController.h; sourceTree = "<group>"; };
		00D155CF1B7A212F00BF2836 /* FlowersDataController.m */ = {isa = PBXFileReference; fileEncoding = 4; lastKnownFileType = sourcecode.c.objc; path = FlowersDataController.m; sourceTree = "<group>"; };
		00DDE1C21B8779E700E4A58A /* test1.jpg */ = {isa = PBXFileReference; lastKnownFileType = image.jpeg; name = test1.jpg; path = imgs/test1.jpg; sourceTree = SOURCE_ROOT; };
		00DDE1C31B8779E700E4A58A /* test2.jpg */ = {isa = PBXFileReference; lastKnownFileType = image.jpeg; name = test2.jpg; path = imgs/test2.jpg; sourceTree = SOURCE_ROOT; };
		00DDE1C41B8779E700E4A58A /* test3.jpg */ = {isa = PBXFileReference; lastKnownFileType = image.jpeg; name = test3.jpg; path = imgs/test3.jpg; sourceTree = SOURCE_ROOT; };
		00DDE1C51B8779E700E4A58A /* test4.jpg */ = {isa = PBXFileReference; lastKnownFileType = image.jpeg; name = test4.jpg; path = imgs/test4.jpg; sourceTree = SOURCE_ROOT; };
		00DDE1C61B8779E700E4A58A /* test5.jpg */ = {isa = PBXFileReference; lastKnownFileType = image.jpeg; name = test5.jpg; path = imgs/test5.jpg; sourceTree = SOURCE_ROOT; };
		00DDE1C71B8779E700E4A58A /* test6.jpg */ = {isa = PBXFileReference; lastKnownFileType = image.jpeg; name = test6.jpg; path = imgs/test6.jpg; sourceTree = SOURCE_ROOT; };
		00DDE1C81B8779E700E4A58A /* test7.jpg */ = {isa = PBXFileReference; lastKnownFileType = image.jpeg; name = test7.jpg; path = imgs/test7.jpg; sourceTree = SOURCE_ROOT; };
		00DDE1C91B8779E700E4A58A /* test8.jpg */ = {isa = PBXFileReference; lastKnownFileType = image.jpeg; name = test8.jpg; path = imgs/test8.jpg; sourceTree = SOURCE_ROOT; };
		00DDE1CA1B8779E700E4A58A /* test9.jpg */ = {isa = PBXFileReference; lastKnownFileType = image.jpeg; name = test9.jpg; path = imgs/test9.jpg; sourceTree = SOURCE_ROOT; };
		00DDE1CB1B8779E700E4A58A /* test10.jpg */ = {isa = PBXFileReference; lastKnownFileType = image.jpeg; name = test10.jpg; path = imgs/test10.jpg; sourceTree = SOURCE_ROOT; };
/* End PBXFileReference section */

/* Begin PBXFrameworksBuildPhase section */
		00D155991B7A1E4600BF2836 /* Frameworks */ = {
			isa = PBXFrameworksBuildPhase;
			buildActionMask = 2147483647;
			files = (
			);
			runOnlyForDeploymentPostprocessing = 0;
		};
		00D155B51B7A1E4600BF2836 /* Frameworks */ = {
			isa = PBXFrameworksBuildPhase;
			buildActionMask = 2147483647;
			files = (
			);
			runOnlyForDeploymentPostprocessing = 0;
		};
/* End PBXFrameworksBuildPhase section */

/* Begin PBXGroup section */
		00D155931B7A1E4600BF2836 = {
			isa = PBXGroup;
			children = (
				00D1559E1B7A1E4600BF2836 /* fortestforyalantis */,
				00D155BB1B7A1E4600BF2836 /* fortestforyalantisTests */,
				00D1559D1B7A1E4600BF2836 /* Products */,
			);
			sourceTree = "<group>";
		};
		00D1559D1B7A1E4600BF2836 /* Products */ = {
			isa = PBXGroup;
			children = (
				00D1559C1B7A1E4600BF2836 /* fortestforyalantis.app */,
				00D155B81B7A1E4600BF2836 /* fortestforyalantisTests.xctest */,
			);
			name = Products;
			sourceTree = "<group>";
		};
		00D1559E1B7A1E4600BF2836 /* fortestforyalantis */ = {
			isa = PBXGroup;
			children = (
				00D155A31B7A1E4600BF2836 /* AppDelegate.h */,
				00D155A41B7A1E4600BF2836 /* AppDelegate.m */,
				00D155A61B7A1E4600BF2836 /* MasterViewController.h */,
				00D155A71B7A1E4600BF2836 /* MasterViewController.m */,
				00D155C81B7A1FE300BF2836 /* FlowersTableViewCell.h */,
				00D155C91B7A1FE300BF2836 /* FlowersTableViewCell.m */,
				00D155CE1B7A212F00BF2836 /* FlowersDataController.h */,
				00D155CF1B7A212F00BF2836 /* FlowersDataController.m */,
				00D155CB1B7A211600BF2836 /* Flowers.h */,
				00D155CC1B7A211600BF2836 /* Flowers.m */,
				00D155AC1B7A1E4600BF2836 /* Main.storyboard */,
				00D155AF1B7A1E4600BF2836 /* Images.xcassets */,
				00D155B11B7A1E4600BF2836 /* LaunchScreen.xib */,
				00D1559F1B7A1E4600BF2836 /* Supporting Files */,
			);
			path = fortestforyalantis;
			sourceTree = "<group>";
		};
		00D1559F1B7A1E4600BF2836 /* Supporting Files */ = {
			isa = PBXGroup;
			children = (
				00DDE1C21B8779E700E4A58A /* test1.jpg */,
				00DDE1C31B8779E700E4A58A /* test2.jpg */,
				00DDE1C41B8779E700E4A58A /* test3.jpg */,
				00DDE1C51B8779E700E4A58A /* test4.jpg */,
				00DDE1C61B8779E700E4A58A /* test5.jpg */,
				00DDE1C71B8779E700E4A58A /* test6.jpg */,
				00DDE1C81B8779E700E4A58A /* test7.jpg */,
				00DDE1C91B8779E700E4A58A /* test8.jpg */,
				00DDE1CA1B8779E700E4A58A /* test9.jpg */,
				00DDE1CB1B8779E700E4A58A /* test10.jpg */,
				00D155A01B7A1E4600BF2836 /* Info.plist */,
				00D155A11B7A1E4600BF2836 /* main.m */,
			);
			name = "Supporting Files";
			sourceTree = "<group>";
		};
		00D155BB1B7A1E4600BF2836 /* fortestforyalantisTests */ = {
			isa = PBXGroup;
			children = (
				00D155BE1B7A1E4600BF2836 /* fortestforyalantisTests.m */,
				00D155BC1B7A1E4600BF2836 /* Supporting Files */,
			);
			path = fortestforyalantisTests;
			sourceTree = "<group>";
		};
		00D155BC1B7A1E4600BF2836 /* Supporting Files */ = {
			isa = PBXGroup;
			children = (
				00D155BD1B7A1E4600BF2836 /* Info.plist */,
			);
			name = "Supporting Files";
			sourceTree = "<group>";
		};
/* End PBXGroup section */

/* Begin PBXNativeTarget section */
		00D1559B1B7A1E4600BF2836 /* fortestforyalantis */ = {
			isa = PBXNativeTarget;
			buildConfigurationList = 00D155C21B7A1E4600BF2836 /* Build configuration list for PBXNativeTarget "fortestforyalantis" */;
			buildPhases = (
				00D155981B7A1E4600BF2836 /* Sources */,
				00D155991B7A1E4600BF2836 /* Frameworks */,
				00D1559A1B7A1E4600BF2836 /* Resources */,
			);
			buildRules = (
			);
			dependencies = (
			);
			name = fortestforyalantis;
			productName = fortestforyalantis;
			productReference = 00D1559C1B7A1E4600BF2836 /* fortestforyalantis.app */;
			productType = "com.apple.product-type.application";
		};
		00D155B71B7A1E4600BF2836 /* fortestforyalantisTests */ = {
			isa = PBXNativeTarget;
			buildConfigurationList = 00D155C51B7A1E4600BF2836 /* Build configuration list for PBXNativeTarget "fortestforyalantisTests" */;
			buildPhases = (
				00D155B41B7A1E4600BF2836 /* Sources */,
				00D155B51B7A1E4600BF2836 /* Frameworks */,
				00D155B61B7A1E4600BF2836 /* Resources */,
			);
			buildRules = (
			);
			dependencies = (
				00D155BA1B7A1E4600BF2836 /* PBXTargetDependency */,
			);
			name = fortestforyalantisTests;
			productName = fortestforyalantisTests;
			productReference = 00D155B81B7A1E4600BF2836 /* fortestforyalantisTests.xctest */;
			productType = "com.apple.product-type.bundle.unit-test";
		};
/* End PBXNativeTarget section */

/* Begin PBXProject section */
		00D155941B7A1E4600BF2836 /* Project object */ = {
			isa = PBXProject;
			attributes = {
				LastUpgradeCheck = 0630;
				ORGANIZATIONNAME = Kristyna;
				TargetAttributes = {
					00D1559B1B7A1E4600BF2836 = {
						CreatedOnToolsVersion = 6.3.1;
					};
					00D155B71B7A1E4600BF2836 = {
						CreatedOnToolsVersion = 6.3.1;
						TestTargetID = 00D1559B1B7A1E4600BF2836;
					};
				};
			};
			buildConfigurationList = 00D155971B7A1E4600BF2836 /* Build configuration list for PBXProject "fortestforyalantis" */;
			compatibilityVersion = "Xcode 3.2";
			developmentRegion = English;
			hasScannedForEncodings = 0;
			knownRegions = (
				en,
				Base,
			);
			mainGroup = 00D155931B7A1E4600BF2836;
			productRefGroup = 00D1559D1B7A1E4600BF2836 /* Products */;
			projectDirPath = "";
			projectRoot = "";
			targets = (
				00D1559B1B7A1E4600BF2836 /* fortestforyalantis */,
				00D155B71B7A1E4600BF2836 /* fortestforyalantisTests */,
			);
		};
/* End PBXProject section */

/* Begin PBXResourcesBuildPhase section */
		00D1559A1B7A1E4600BF2836 /* Resources */ = {
			isa = PBXResourcesBuildPhase;
			buildActionMask = 2147483647;
			files = (
				00D155AE1B7A1E4600BF2836 /* Main.storyboard in Resources */,
				00DDE1D21B8779E700E4A58A /* test7.jpg in Resources */,
				00DDE1CD1B8779E700E4A58A /* test2.jpg in Resources */,
				00DDE1CC1B8779E700E4A58A /* test1.jpg in Resources */,
				00DDE1D51B8779E700E4A58A /* test10.jpg in Resources */,
				00DDE1CF1B8779E700E4A58A /* test4.jpg in Resources */,
				00DDE1D41B8779E700E4A58A /* test9.jpg in Resources */,
				00D155B31B7A1E4600BF2836 /* LaunchScreen.xib in Resources */,
				00DDE1D01B8779E700E4A58A /* test5.jpg in Resources */,
				00D155B01B7A1E4600BF2836 /* Images.xcassets in Resources */,
				00DDE1D31B8779E700E4A58A /* test8.jpg in Resources */,
				00DDE1CE1B8779E700E4A58A /* test3.jpg in Resources */,
				00DDE1D11B8779E700E4A58A /* test6.jpg in Resources */,
			);
			runOnlyForDeploymentPostprocessing = 0;
		};
		00D155B61B7A1E4600BF2836 /* Resources */ = {
			isa = PBXResourcesBuildPhase;
			buildActionMask = 2147483647;
			files = (
			);
			runOnlyForDeploymentPostprocessing = 0;
		};
/* End PBXResourcesBuildPhase section */

/* Begin PBXSourcesBuildPhase section */
		00D155981B7A1E4600BF2836 /* Sources */ = {
			isa = PBXSourcesBuildPhase;
			buildActionMask = 2147483647;
			files = (
				00D155A51B7A1E4600BF2836 /* AppDelegate.m in Sources */,
				00D155A81B7A1E4600BF2836 /* MasterViewController.m in Sources */,
				00D155D01B7A212F00BF2836 /* FlowersDataController.m in Sources */,
				00D155A21B7A1E4600BF2836 /* main.m in Sources */,
				00D155CD1B7A211600BF2836 /* Flowers.m in Sources */,
				00D155CA1B7A1FE300BF2836 /* FlowersTableViewCell.m in Sources */,
			);
			runOnlyForDeploymentPostprocessing = 0;
		};
		00D155B41B7A1E4600BF2836 /* Sources */ = {
			isa = PBXSourcesBuildPhase;
			buildActionMask = 2147483647;
			files = (
				00D155BF1B7A1E4600BF2836 /* fortestforyalantisTests.m in Sources */,
			);
			runOnlyForDeploymentPostprocessing = 0;
		};
/* End PBXSourcesBuildPhase section */

/* Begin PBXTargetDependency section */
		00D155BA1B7A1E4600BF2836 /* PBXTargetDependency */ = {
			isa = PBXTargetDependency;
			target = 00D1559B1B7A1E4600BF2836 /* fortestforyalantis */;
			targetProxy = 00D155B91B7A1E4600BF2836 /* PBXContainerItemProxy */;
		};
/* End PBXTargetDependency section */

/* Begin PBXVariantGroup section */
		00D155AC1B7A1E4600BF2836 /* Main.storyboard */ = {
			isa = PBXVariantGroup;
			children = (
				00D155AD1B7A1E4600BF2836 /* Base */,
			);
			name = Main.storyboard;
			sourceTree = "<group>";
		};
		00D155B11B7A1E4600BF2836 /* LaunchScreen.xib */ = {
			isa = PBXVariantGroup;
			children = (
				00D155B21B7A1E4600BF2836 /* Base */,
			);
			name = LaunchScreen.xib;
			sourceTree = "<group>";
		};
/* End PBXVariantGroup section */

/* Begin XCBuildConfiguration section */
		00D155C01B7A1E4600BF2836 /* Debug */ = {
			isa = XCBuildConfiguration;
			buildSettings = {
				ALWAYS_SEARCH_USER_PATHS = NO;
				CLANG_CXX_LANGUAGE_STANDARD = "gnu++0x";
				CLANG_CXX_LIBRARY = "libc++";
				CLANG_ENABLE_MODULES = YES;
				CLANG_ENABLE_OBJC_ARC = YES;
				CLANG_WARN_BOOL_CONVERSION = YES;
				CLANG_WARN_CONSTANT_CONVERSION = YES;
				CLANG_WARN_DIRECT_OBJC_ISA_USAGE = YES_ERROR;
				CLANG_WARN_EMPTY_BODY = YES;
				CLANG_WARN_ENUM_CONVERSION = YES;
				CLANG_WARN_INT_CONVERSION = YES;
				CLANG_WARN_OBJC_ROOT_CLASS = YES_ERROR;
				CLANG_WARN_UNREACHABLE_CODE = YES;
				CLANG_WARN__DUPLICATE_METHOD_MATCH = YES;
				"CODE_SIGN_IDENTITY[sdk=iphoneos*]" = "iPhone Developer";
				COPY_PHASE_STRIP = NO;
				DEBUG_INFORMATION_FORMAT = "dwarf-with-dsym";
				ENABLE_STRICT_OBJC_MSGSEND = YES;
				GCC_C_LANGUAGE_STANDARD = gnu99;
				GCC_DYNAMIC_NO_PIC = NO;
				GCC_NO_COMMON_BLOCKS = YES;
				GCC_OPTIMIZATION_LEVEL = 0;
				GCC_PREPROCESSOR_DEFINITIONS = (
					"DEBUG=1",
					"$(inherited)",
				);
				GCC_SYMBOLS_PRIVATE_EXTERN = NO;
				GCC_WARN_64_TO_32_BIT_CONVERSION = YES;
				GCC_WARN_ABOUT_RETURN_TYPE = YES_ERROR;
				GCC_WARN_UNDECLARED_SELECTOR = YES;
				GCC_WARN_UNINITIALIZED_AUTOS = YES_AGGRESSIVE;
				GCC_WARN_UNUSED_FUNCTION = YES;
				GCC_WARN_UNUSED_VARIABLE = YES;
				IPHONEOS_DEPLOYMENT_TARGET = 8.3;
				MTL_ENABLE_DEBUG_INFO = YES;
				ONLY_ACTIVE_ARCH = YES;
				SDKROOT = iphoneos;
			};
			name = Debug;
		};
		00D155C11B7A1E4600BF2836 /* Release */ = {
			isa = XCBuildConfiguration;
			buildSettings = {
				ALWAYS_SEARCH_USER_PATHS = NO;
				CLANG_CXX_LANGUAGE_STANDARD = "gnu++0x";
				CLANG_CXX_LIBRARY = "libc++";
				CLANG_ENABLE_MODULES = YES;
				CLANG_ENABLE_OBJC_ARC = YES;
				CLANG_WARN_BOOL_CONVERSION = YES;
				CLANG_WARN_CONSTANT_CONVERSION = YES;
				CLANG_WARN_DIRECT_OBJC_ISA_USAGE = YES_ERROR;
				CLANG_WARN_EMPTY_BODY = YES;
				CLANG_WARN_ENUM_CONVERSION = YES;
				CLANG_WARN_INT_CONVERSION = YES;
				CLANG_WARN_OBJC_ROOT_CLASS = YES_ERROR;
				CLANG_WARN_UNREACHABLE_CODE = YES;
				CLANG_WARN__DUPLICATE_METHOD_MATCH = YES;
				"CODE_SIGN_IDENTITY[sdk=iphoneos*]" = "iPhone Developer";
				COPY_PHASE_STRIP = NO;
				DEBUG_INFORMATION_FORMAT = "dwarf-with-dsym";
				ENABLE_NS_ASSERTIONS = NO;
				ENABLE_STRICT_OBJC_MSGSEND = YES;
				GCC_C_LANGUAGE_STANDARD = gnu99;
				GCC_NO_COMMON_BLOCKS = YES;
				GCC_WARN_64_TO_32_BIT_CONVERSION = YES;
				GCC_WARN_ABOUT_RETURN_TYPE = YES_ERROR;
				GCC_WARN_UNDECLARED_SELECTOR = YES;
				GCC_WARN_UNINITIALIZED_AUTOS = YES_AGGRESSIVE;
				GCC_WARN_UNUSED_FUNCTION = YES;
				GCC_WARN_UNUSED_VARIABLE = YES;
				IPHONEOS_DEPLOYMENT_TARGET = 8.3;
				MTL_ENABLE_DEBUG_INFO = NO;
				SDKROOT = iphoneos;
				VALIDATE_PRODUCT = YES;
			};
			name = Release;
		};
		00D155C31B7A1E4600BF2836 /* Debug */ = {
			isa = XCBuildConfiguration;
			buildSettings = {
				ASSETCATALOG_COMPILER_APPICON_NAME = AppIcon;
				INFOPLIST_FILE = fortestforyalantis/Info.plist;
				LD_RUNPATH_SEARCH_PATHS = "$(inherited) @executable_path/Frameworks";
				PRODUCT_NAME = "$(TARGET_NAME)";
			};
			name = Debug;
		};
		00D155C41B7A1E4600BF2836 /* Release */ = {
			isa = XCBuildConfiguration;
			buildSettings = {
				ASSETCATALOG_COMPILER_APPICON_NAME = AppIcon;
				INFOPLIST_FILE = fortestforyalantis/Info.plist;
				LD_RUNPATH_SEARCH_PATHS = "$(inherited) @executable_path/Frameworks";
				PRODUCT_NAME = "$(TARGET_NAME)";
			};
			name = Release;
		};
		00D155C61B7A1E4600BF2836 /* Debug */ = {
			isa = XCBuildConfiguration;
			buildSettings = {
				BUNDLE_LOADER = "$(TEST_HOST)";
				FRAMEWORK_SEARCH_PATHS = (
					"$(SDKROOT)/Developer/Library/Frameworks",
					"$(inherited)",
				);
				GCC_PREPROCESSOR_DEFINITIONS = (
					"DEBUG=1",
					"$(inherited)",
				);
				INFOPLIST_FILE = fortestforyalantisTests/Info.plist;
				LD_RUNPATH_SEARCH_PATHS = "$(inherited) @executable_path/Frameworks @loader_path/Frameworks";
				PRODUCT_NAME = "$(TARGET_NAME)";
				TEST_HOST = "$(BUILT_PRODUCTS_DIR)/fortestforyalantis.app/fortestforyalantis";
			};
			name = Debug;
		};
		00D155C71B7A1E4600BF2836 /* Release */ = {
			isa = XCBuildConfiguration;
			buildSettings = {
				BUNDLE_LOADER = "$(TEST_HOST)";
				FRAMEWORK_SEARCH_PATHS = (
					"$(SDKROOT)/Developer/Library/Frameworks",
					"$(inherited)",
				);
				INFOPLIST_FILE = fortestforyalantisTests/Info.plist;
				LD_RUNPATH_SEARCH_PATHS = "$(inherited) @executable_path/Frameworks @loader_path/Frameworks";
				PRODUCT_NAME = "$(TARGET_NAME)";
				TEST_HOST = "$(BUILT_PRODUCTS_DIR)/fortestforyalantis.app/fortestforyalantis";
			};
			name = Release;
		};
/* End XCBuildConfiguration section */

/* Begin XCConfigurationList section */
		00D155971B7A1E4600BF2836 /* Build configuration list for PBXProject "fortestforyalantis" */ = {
			isa = XCConfigurationList;
			buildConfigurations = (
				00D155C01B7A1E4600BF2836 /* Debug */,
				00D155C11B7A1E4600BF2836 /* Release */,
			);
			defaultConfigurationIsVisible = 0;
			defaultConfigurationName = Release;
		};
		00D155C21B7A1E4600BF2836 /* Build configuration list for PBXNativeTarget "fortestforyalantis" */ = {
			isa = XCConfigurationList;
			buildConfigurations = (
				00D155C31B7A1E4600BF2836 /* Debug */,
				00D155C41B7A1E4600BF2836 /* Release */,
			);
			defaultConfigurationIsVisible = 0;
			defaultConfigurationName = Release;
		};
		00D155C51B7A1E4600BF2836 /* Build configuration list for PBXNativeTarget "fortestforyalantisTests" */ = {
			isa = XCConfigurationList;
			buildConfigurations = (
				00D155C61B7A1E4600BF2836 /* Debug */,
				00D155C71B7A1E4600BF2836 /* Release */,
			);
			defaultConfigurationIsVisible = 0;
			defaultConfigurationName = Release;
		};
/* End XCConfigurationList section */
	};
	rootObject = 00D155941B7A1E4600BF2836 /* Project object */;
}
